
Microsoft Visual Studio Solution File, Format Version 12.00
# Visual Studio Version 16
VisualStudioVersion = 16.0.29519.87
MinimumVisualStudioVersion = 10.0.40219.1
Project("{FAE04EC0-301F-11D3-BF4B-00C04F79EFBC}") = "DAM-ORM-Demo", "DAM-ORM-Demo\DAM-ORM-Demo.csproj", "{0EA04EC7-A66E-4933-9543-F4DEF0A7CA87}"
EndProject
Global
	GlobalSection(SolutionConfigurationPlatforms) = preSolution
		Debug|Any CPU = Debug|Any CPU
		Release|Any CPU = Release|Any CPU
	EndGlobalSection
	GlobalSection(ProjectConfigurationPlatforms) = postSolution
		{0EA04EC7-A66E-4933-9543-F4DEF0A7CA87}.Debug|Any CPU.ActiveCfg = Debug|Any CPU
		{0EA04EC7-A66E-4933-9543-F4DEF0A7CA87}.Debug|Any CPU.Build.0 = Debug|Any CPU
		{0EA04EC7-A66E-4933-9543-F4DEF0A7CA87}.Release|Any CPU.ActiveCfg = Release|Any CPU
		{0EA04EC7-A66E-4933-9543-F4DEF0A7CA87}.Release|Any CPU.Build.0 = Release|Any CPU
	EndGlobalSection
	GlobalSection(SolutionProperties) = preSolution
		HideSolutionNode = FALSE
	EndGlobalSection
	GlobalSection(ExtensibilityGlobals) = postSolution
		SolutionGuid = {32BA3A62-BAD3-4B52-8FBF-29DB13B8BE37}
	EndGlobalSection
EndGlobal
